
Microsoft Visual Studio Solution File, Format Version 12.00
# Visual Studio Version 17
VisualStudioVersion = 17.3.32929.385
MinimumVisualStudioVersion = 10.0.40219.1
Project("{FAE04EC0-301F-11D3-BF4B-00C04F79EFBC}") = "Homework2 Week1", "Homework2 Week1\Homework2 Week1.csproj", "{C772F160-FBBC-4379-AFA0-67B9BCA7644F}"
EndProject
Global
	GlobalSection(SolutionConfigurationPlatforms) = preSolution
		Debug|Any CPU = Debug|Any CPU
		Release|Any CPU = Release|Any CPU
	EndGlobalSection
	GlobalSection(ProjectConfigurationPlatforms) = postSolution
		{C772F160-FBBC-4379-AFA0-67B9BCA7644F}.Debug|Any CPU.ActiveCfg = Debug|Any CPU
		{C772F160-FBBC-4379-AFA0-67B9BCA7644F}.Debug|Any CPU.Build.0 = Debug|Any CPU
		{C772F160-FBBC-4379-AFA0-67B9BCA7644F}.Release|Any CPU.ActiveCfg = Release|Any CPU
		{C772F160-FBBC-4379-AFA0-67B9BCA7644F}.Release|Any CPU.Build.0 = Release|Any CPU
	EndGlobalSection
	GlobalSection(SolutionProperties) = preSolution
		HideSolutionNode = FALSE
	EndGlobalSection
	GlobalSection(ExtensibilityGlobals) = postSolution
		SolutionGuid = {DC86421D-075E-489D-8CC4-53DF40B40F06}
	EndGlobalSection
EndGlobal
